// !$*UTF8*$!
{
	archiveVersion = 1;
	classes = {
	};
	objectVersion = 50;
	objects = {

/* Begin PBXBuildFile section */
		1E11496921FA6EC4008E19D2 /* AppDelegate.swift in Sources */ = {isa = PBXBuildFile; fileRef = 1E11496821FA6EC4008E19D2 /* AppDelegate.swift */; };
		1E11497021FA6EC5008E19D2 /* Assets.xcassets in Resources */ = {isa = PBXBuildFile; fileRef = 1E11496F21FA6EC5008E19D2 /* Assets.xcassets */; };
		1E11497321FA6EC5008E19D2 /* LaunchScreen.storyboard in Resources */ = {isa = PBXBuildFile; fileRef = 1E11497121FA6EC5008E19D2 /* LaunchScreen.storyboard */; };
		1E11497B21FA6EFD008E19D2 /* MainViewController.swift in Sources */ = {isa = PBXBuildFile; fileRef = 1E11497A21FA6EFD008E19D2 /* MainViewController.swift */; };
		1E11497D21FA6F0A008E19D2 /* DetailedViewController.swift in Sources */ = {isa = PBXBuildFile; fileRef = 1E11497C21FA6F0A008E19D2 /* DetailedViewController.swift */; };
		1E11497F21FA6F1C008E19D2 /* MainView.swift in Sources */ = {isa = PBXBuildFile; fileRef = 1E11497E21FA6F1C008E19D2 /* MainView.swift */; };
		1E11498121FA6F48008E19D2 /* DetailedView.swift in Sources */ = {isa = PBXBuildFile; fileRef = 1E11498021FA6F48008E19D2 /* DetailedView.swift */; };
/* End PBXBuildFile section */

/* Begin PBXFileReference section */
		1E11496521FA6EC4008E19D2 /* Practice Programmatic UI Jan 24.app */ = {isa = PBXFileReference; explicitFileType = wrapper.application; includeInIndex = 0; path = "Practice Programmatic UI Jan 24.app"; sourceTree = BUILT_PRODUCTS_DIR; };
		1E11496821FA6EC4008E19D2 /* AppDelegate.swift */ = {isa = PBXFileReference; lastKnownFileType = sourcecode.swift; path = AppDelegate.swift; sourceTree = "<group>"; };
		1E11496F21FA6EC5008E19D2 /* Assets.xcassets */ = {isa = PBXFileReference; lastKnownFileType = folder.assetcatalog; path = Assets.xcassets; sourceTree = "<group>"; };
		1E11497221FA6EC5008E19D2 /* Base */ = {isa = PBXFileReference; lastKnownFileType = file.storyboard; name = Base; path = Base.lproj/LaunchScreen.storyboard; sourceTree = "<group>"; };
		1E11497421FA6EC5008E19D2 /* Info.plist */ = {isa = PBXFileReference; lastKnownFileType = text.plist.xml; path = Info.plist; sourceTree = "<group>"; };
		1E11497A21FA6EFD008E19D2 /* MainViewController.swift */ = {isa = PBXFileReference; lastKnownFileType = sourcecode.swift; path = MainViewController.swift; sourceTree = "<group>"; };
		1E11497C21FA6F0A008E19D2 /* DetailedViewController.swift */ = {isa = PBXFileReference; lastKnownFileType = sourcecode.swift; path = DetailedViewController.swift; sourceTree = "<group>"; };
		1E11497E21FA6F1C008E19D2 /* MainView.swift */ = {isa = PBXFileReference; lastKnownFileType = sourcecode.swift; path = MainView.swift; sourceTree = "<group>"; };
		1E11498021FA6F48008E19D2 /* DetailedView.swift */ = {isa = PBXFileReference; lastKnownFileType = sourcecode.swift; path = DetailedView.swift; sourceTree = "<group>"; };
/* End PBXFileReference section */

/* Begin PBXFrameworksBuildPhase section */
		1E11496221FA6EC4008E19D2 /* Frameworks */ = {
			isa = PBXFrameworksBuildPhase;
			buildActionMask = 2147483647;
			files = (
			);
			runOnlyForDeploymentPostprocessing = 0;
		};
/* End PBXFrameworksBuildPhase section */

/* Begin PBXGroup section */
		1E11495C21FA6EC4008E19D2 = {
			isa = PBXGroup;
			children = (
				1E11496721FA6EC4008E19D2 /* Practice Programmatic UI Jan 24 */,
				1E11496621FA6EC4008E19D2 /* Products */,
			);
			sourceTree = "<group>";
		};
		1E11496621FA6EC4008E19D2 /* Products */ = {
			isa = PBXGroup;
			children = (
				1E11496521FA6EC4008E19D2 /* Practice Programmatic UI Jan 24.app */,
			);
			name = Products;
			sourceTree = "<group>";
		};
		1E11496721FA6EC4008E19D2 /* Practice Programmatic UI Jan 24 */ = {
			isa = PBXGroup;
			children = (
				1E11497A21FA6EFD008E19D2 /* MainViewController.swift */,
				1E11497C21FA6F0A008E19D2 /* DetailedViewController.swift */,
				1E11497E21FA6F1C008E19D2 /* MainView.swift */,
				1E11498021FA6F48008E19D2 /* DetailedView.swift */,
				1E11496821FA6EC4008E19D2 /* AppDelegate.swift */,
				1E11496F21FA6EC5008E19D2 /* Assets.xcassets */,
				1E11497121FA6EC5008E19D2 /* LaunchScreen.storyboard */,
				1E11497421FA6EC5008E19D2 /* Info.plist */,
			);
			path = "Practice Programmatic UI Jan 24";
			sourceTree = "<group>";
		};
/* End PBXGroup section */

/* Begin PBXNativeTarget section */
		1E11496421FA6EC4008E19D2 /* Practice Programmatic UI Jan 24 */ = {
			isa = PBXNativeTarget;
			buildConfigurationList = 1E11497721FA6EC5008E19D2 /* Build configuration list for PBXNativeTarget "Practice Programmatic UI Jan 24" */;
			buildPhases = (
				1E11496121FA6EC4008E19D2 /* Sources */,
				1E11496221FA6EC4008E19D2 /* Frameworks */,
				1E11496321FA6EC4008E19D2 /* Resources */,
			);
			buildRules = (
			);
			dependencies = (
			);
			name = "Practice Programmatic UI Jan 24";
			productName = "Practice Programmatic UI Jan 24";
			productReference = 1E11496521FA6EC4008E19D2 /* Practice Programmatic UI Jan 24.app */;
			productType = "com.apple.product-type.application";
		};
/* End PBXNativeTarget section */

/* Begin PBXProject section */
		1E11495D21FA6EC4008E19D2 /* Project object */ = {
			isa = PBXProject;
			attributes = {
				LastSwiftUpdateCheck = 1010;
				LastUpgradeCheck = 1010;
				ORGANIZATIONNAME = "Elizabeth Peraza ";
				TargetAttributes = {
					1E11496421FA6EC4008E19D2 = {
						CreatedOnToolsVersion = 10.1;
					};
				};
			};
			buildConfigurationList = 1E11496021FA6EC4008E19D2 /* Build configuration list for PBXProject "Practice Programmatic UI Jan 24" */;
			compatibilityVersion = "Xcode 9.3";
			developmentRegion = en;
			hasScannedForEncodings = 0;
			knownRegions = (
				en,
				Base,
			);
			mainGroup = 1E11495C21FA6EC4008E19D2;
			productRefGroup = 1E11496621FA6EC4008E19D2 /* Products */;
			projectDirPath = "";
			projectRoot = "";
			targets = (
				1E11496421FA6EC4008E19D2 /* Practice Programmatic UI Jan 24 */,
			);
		};
/* End PBXProject section */

/* Begin PBXResourcesBuildPhase section */
		1E11496321FA6EC4008E19D2 /* Resources */ = {
			isa = PBXResourcesBuildPhase;
			buildActionMask = 2147483647;
			files = (
				1E11497321FA6EC5008E19D2 /* LaunchScreen.storyboard in Resources */,
				1E11497021FA6EC5008E19D2 /* Assets.xcassets in Resources */,
			);
			runOnlyForDeploymentPostprocessing = 0;
		};
/* End PBXResourcesBuildPhase section */

/* Begin PBXSourcesBuildPhase section */
		1E11496121FA6EC4008E19D2 /* Sources */ = {
			isa = PBXSourcesBuildPhase;
			buildActionMask = 2147483647;
			files = (
				1E11496921FA6EC4008E19D2 /* AppDelegate.swift in Sources */,
				1E11497F21FA6F1C008E19D2 /* MainView.swift in Sources */,
				1E11498121FA6F48008E19D2 /* DetailedView.swift in Sources */,
				1E11497B21FA6EFD008E19D2 /* MainViewController.swift in Sources */,
				1E11497D21FA6F0A008E19D2 /* DetailedViewController.swift in Sources */,
			);
			runOnlyForDeploymentPostprocessing = 0;
		};
/* End PBXSourcesBuildPhase section */

/* Begin PBXVariantGroup section */
		1E11497121FA6EC5008E19D2 /* LaunchScreen.storyboard */ = {
			isa = PBXVariantGroup;
			children = (
				1E11497221FA6EC5008E19D2 /* Base */,
			);
			name = LaunchScreen.storyboard;
			sourceTree = "<group>";
		};
/* End PBXVariantGroup section */

/* Begin XCBuildConfiguration section */
		1E11497521FA6EC5008E19D2 /* Debug */ = {
			isa = XCBuildConfiguration;
			buildSettings = {
				ALWAYS_SEARCH_USER_PATHS = NO;
				CLANG_ANALYZER_NONNULL = YES;
				CLANG_ANALYZER_NUMBER_OBJECT_CONVERSION = YES_AGGRESSIVE;
				CLANG_CXX_LANGUAGE_STANDARD = "gnu++14";
				CLANG_CXX_LIBRARY = "libc++";
				CLANG_ENABLE_MODULES = YES;
				CLANG_ENABLE_OBJC_ARC = YES;
				CLANG_ENABLE_OBJC_WEAK = YES;
				CLANG_WARN_BLOCK_CAPTURE_AUTORELEASING = YES;
				CLANG_WARN_BOOL_CONVERSION = YES;
				CLANG_WARN_COMMA = YES;
				CLANG_WARN_CONSTANT_CONVERSION = YES;
				CLANG_WARN_DEPRECATED_OBJC_IMPLEMENTATIONS = YES;
				CLANG_WARN_DIRECT_OBJC_ISA_USAGE = YES_ERROR;
				CLANG_WARN_DOCUMENTATION_COMMENTS = YES;
				CLANG_WARN_EMPTY_BODY = YES;
				CLANG_WARN_ENUM_CONVERSION = YES;
				CLANG_WARN_INFINITE_RECURSION = YES;
				CLANG_WARN_INT_CONVERSION = YES;
				CLANG_WARN_NON_LITERAL_NULL_CONVERSION = YES;
				CLANG_WARN_OBJC_IMPLICIT_RETAIN_SELF = YES;
				CLANG_WARN_OBJC_LITERAL_CONVERSION = YES;
				CLANG_WARN_OBJC_ROOT_CLASS = YES_ERROR;
				CLANG_WARN_RANGE_LOOP_ANALYSIS = YES;
				CLANG_WARN_STRICT_PROTOTYPES = YES;
				CLANG_WARN_SUSPICIOUS_MOVE = YES;
				CLANG_WARN_UNGUARDED_AVAILABILITY = YES_AGGRESSIVE;
				CLANG_WARN_UNREACHABLE_CODE = YES;
				CLANG_WARN__DUPLICATE_METHOD_MATCH = YES;
				CODE_SIGN_IDENTITY = "iPhone Developer";
				COPY_PHASE_STRIP = NO;
				DEBUG_INFORMATION_FORMAT = dwarf;
				ENABLE_STRICT_OBJC_MSGSEND = YES;
				ENABLE_TESTABILITY = YES;
				GCC_C_LANGUAGE_STANDARD = gnu11;
				GCC_DYNAMIC_NO_PIC = NO;
				GCC_NO_COMMON_BLOCKS = YES;
				GCC_OPTIMIZATION_LEVEL = 0;
				GCC_PREPROCESSOR_DEFINITIONS = (
					"DEBUG=1",
					"$(inherited)",
				);
				GCC_WARN_64_TO_32_BIT_CONVERSION = YES;
				GCC_WARN_ABOUT_RETURN_TYPE = YES_ERROR;
				GCC_WARN_UNDECLARED_SELECTOR = YES;
				GCC_WARN_UNINITIALIZED_AUTOS = YES_AGGRESSIVE;
				GCC_WARN_UNUSED_FUNCTION = YES;
				GCC_WARN_UNUSED_VARIABLE = YES;
				IPHONEOS_DEPLOYMENT_TARGET = 12.1;
				MTL_ENABLE_DEBUG_INFO = INCLUDE_SOURCE;
				MTL_FAST_MATH = YES;
				ONLY_ACTIVE_ARCH = YES;
				SDKROOT = iphoneos;
				SWIFT_ACTIVE_COMPILATION_CONDITIONS = DEBUG;
				SWIFT_OPTIMIZATION_LEVEL = "-Onone";
			};
			name = Debug;
		};
		1E11497621FA6EC5008E19D2 /* Release */ = {
			isa = XCBuildConfiguration;
			buildSettings = {
				ALWAYS_SEARCH_USER_PATHS = NO;
				CLANG_ANALYZER_NONNULL = YES;
				CLANG_ANALYZER_NUMBER_OBJECT_CONVERSION = YES_AGGRESSIVE;
				CLANG_CXX_LANGUAGE_STANDARD = "gnu++14";
				CLANG_CXX_LIBRARY = "libc++";
				CLANG_ENABLE_MODULES = YES;
				CLANG_ENABLE_OBJC_ARC = YES;
				CLANG_ENABLE_OBJC_WEAK = YES;
				CLANG_WARN_BLOCK_CAPTURE_AUTORELEASING = YES;
				CLANG_WARN_BOOL_CONVERSION = YES;
				CLANG_WARN_COMMA = YES;
				CLANG_WARN_CONSTANT_CONVERSION = YES;
				CLANG_WARN_DEPRECATED_OBJC_IMPLEMENTATIONS = YES;
				CLANG_WARN_DIRECT_OBJC_ISA_USAGE = YES_ERROR;
				CLANG_WARN_DOCUMENTATION_COMMENTS = YES;
				CLANG_WARN_EMPTY_BODY = YES;
				CLANG_WARN_ENUM_CONVERSION = YES;
				CLANG_WARN_INFINITE_RECURSION = YES;
				CLANG_WARN_INT_CONVERSION = YES;
				CLANG_WARN_NON_LITERAL_NULL_CONVERSION = YES;
				CLANG_WARN_OBJC_IMPLICIT_RETAIN_SELF = YES;
				CLANG_WARN_OBJC_LITERAL_CONVERSION = YES;
				CLANG_WARN_OBJC_ROOT_CLASS = YES_ERROR;
				CLANG_WARN_RANGE_LOOP_ANALYSIS = YES;
				CLANG_WARN_STRICT_PROTOTYPES = YES;
				CLANG_WARN_SUSPICIOUS_MOVE = YES;
				CLANG_WARN_UNGUARDED_AVAILABILITY = YES_AGGRESSIVE;
				CLANG_WARN_UNREACHABLE_CODE = YES;
				CLANG_WARN__DUPLICATE_METHOD_MATCH = YES;
				CODE_SIGN_IDENTITY = "iPhone Developer";
				COPY_PHASE_STRIP = NO;
				DEBUG_INFORMATION_FORMAT = "dwarf-with-dsym";
				ENABLE_NS_ASSERTIONS = NO;
				ENABLE_STRICT_OBJC_MSGSEND = YES;
				GCC_C_LANGUAGE_STANDARD = gnu11;
				GCC_NO_COMMON_BLOCKS = YES;
				GCC_WARN_64_TO_32_BIT_CONVERSION = YES;
				GCC_WARN_ABOUT_RETURN_TYPE = YES_ERROR;
				GCC_WARN_UNDECLARED_SELECTOR = YES;
				GCC_WARN_UNINITIALIZED_AUTOS = YES_AGGRESSIVE;
				GCC_WARN_UNUSED_FUNCTION = YES;
				GCC_WARN_UNUSED_VARIABLE = YES;
				IPHONEOS_DEPLOYMENT_TARGET = 12.1;
				MTL_ENABLE_DEBUG_INFO = NO;
				MTL_FAST_MATH = YES;
				SDKROOT = iphoneos;
				SWIFT_COMPILATION_MODE = wholemodule;
				SWIFT_OPTIMIZATION_LEVEL = "-O";
				VALIDATE_PRODUCT = YES;
			};
			name = Release;
		};
		1E11497821FA6EC5008E19D2 /* Debug */ = {
			isa = XCBuildConfiguration;
			buildSettings = {
				ASSETCATALOG_COMPILER_APPICON_NAME = AppIcon;
				CODE_SIGN_STYLE = Automatic;
				DEVELOPMENT_TEAM = 9DN3HV8LU2;
				INFOPLIST_FILE = "Practice Programmatic UI Jan 24/Info.plist";
				LD_RUNPATH_SEARCH_PATHS = (
					"$(inherited)",
					"@executable_path/Frameworks",
				);
				PRODUCT_BUNDLE_IDENTIFIER = "Elizabeth-Peraza.Practice-Programmatic-UI-Jan-24";
				PRODUCT_NAME = "$(TARGET_NAME)";
				SWIFT_VERSION = 4.2;
				TARGETED_DEVICE_FAMILY = "1,2";
			};
			name = Debug;
		};
		1E11497921FA6EC5008E19D2 /* Release */ = {
			isa = XCBuildConfiguration;
			buildSettings = {
				ASSETCATALOG_COMPILER_APPICON_NAME = AppIcon;
				CODE_SIGN_STYLE = Automatic;
				DEVELOPMENT_TEAM = 9DN3HV8LU2;
				INFOPLIST_FILE = "Practice Programmatic UI Jan 24/Info.plist";
				LD_RUNPATH_SEARCH_PATHS = (
					"$(inherited)",
					"@executable_path/Frameworks",
				);
				PRODUCT_BUNDLE_IDENTIFIER = "Elizabeth-Peraza.Practice-Programmatic-UI-Jan-24";
				PRODUCT_NAME = "$(TARGET_NAME)";
				SWIFT_VERSION = 4.2;
				TARGETED_DEVICE_FAMILY = "1,2";
			};
			name = Release;
		};
/* End XCBuildConfiguration section */

/* Begin XCConfigurationList section */
		1E11496021FA6EC4008E19D2 /* Build configuration list for PBXProject "Practice Programmatic UI Jan 24" */ = {
			isa = XCConfigurationList;
			buildConfigurations = (
				1E11497521FA6EC5008E19D2 /* Debug */,
				1E11497621FA6EC5008E19D2 /* Release */,
			);
			defaultConfigurationIsVisible = 0;
			defaultConfigurationName = Release;
		};
		1E11497721FA6EC5008E19D2 /* Build configuration list for PBXNativeTarget "Practice Programmatic UI Jan 24" */ = {
			isa = XCConfigurationList;
			buildConfigurations = (
				1E11497821FA6EC5008E19D2 /* Debug */,
				1E11497921FA6EC5008E19D2 /* Release */,
			);
			defaultConfigurationIsVisible = 0;
			defaultConfigurationName = Release;
		};
/* End XCConfigurationList section */
	};
	rootObject = 1E11495D21FA6EC4008E19D2 /* Project object */;
}
